
Microsoft Visual Studio Solution File, Format Version 12.00
# Visual Studio Version 16
VisualStudioVersion = 16.0.30204.135
MinimumVisualStudioVersion = 10.0.40219.1
Project("{FAE04EC0-301F-11D3-BF4B-00C04F79EFBC}") = "DummyServer", "DummyServer\DummyServer.csproj", "{83E7295F-65AC-4F7C-9F68-6A3B037505FD}"
EndProject
Global
	GlobalSection(SolutionConfigurationPlatforms) = preSolution
		Debug|Any CPU = Debug|Any CPU
		Release|Any CPU = Release|Any CPU
	EndGlobalSection
	GlobalSection(ProjectConfigurationPlatforms) = postSolution
		{83E7295F-65AC-4F7C-9F68-6A3B037505FD}.Debug|Any CPU.ActiveCfg = Debug|Any CPU
		{83E7295F-65AC-4F7C-9F68-6A3B037505FD}.Debug|Any CPU.Build.0 = Debug|Any CPU
		{83E7295F-65AC-4F7C-9F68-6A3B037505FD}.Release|Any CPU.ActiveCfg = Release|Any CPU
		{83E7295F-65AC-4F7C-9F68-6A3B037505FD}.Release|Any CPU.Build.0 = Release|Any CPU
	EndGlobalSection
	GlobalSection(SolutionProperties) = preSolution
		HideSolutionNode = FALSE
	EndGlobalSection
	GlobalSection(ExtensibilityGlobals) = postSolution
		SolutionGuid = {C7E6BBDE-6CBB-41B1-AD39-A94FC7AEE20F}
	EndGlobalSection
EndGlobal
